
Microsoft Visual Studio Solution File, Format Version 12.00
# Visual Studio 15
VisualStudioVersion = 15.0.27130.2036
MinimumVisualStudioVersion = 10.0.40219.1
Project("{FAE04EC0-301F-11D3-BF4B-00C04F79EFBC}") = "Task1", "Task1\Task1.csproj", "{DA4129E2-2A55-4A69-BE4A-859335280443}"
EndProject
Project("{FAE04EC0-301F-11D3-BF4B-00C04F79EFBC}") = "ArrayClass", "ArrayClass\ArrayClass.csproj", "{2EE9E67E-161F-47A2-8EB0-DED9181BDBFD}"
EndProject
Project("{FAE04EC0-301F-11D3-BF4B-00C04F79EFBC}") = "LogPassword", "LogPassword\LogPassword.csproj", "{298121FE-33AA-469C-BBFB-C14571F4F855}"
EndProject
Project("{FAE04EC0-301F-11D3-BF4B-00C04F79EFBC}") = "DoublerGame", "DoublerGame\DoublerGame.csproj", "{C3873798-F86E-4DB6-B760-6FBB29AAEDF2}"
EndProject
Project("{FAE04EC0-301F-11D3-BF4B-00C04F79EFBC}") = "TrueOrLies", "TrueOrLies\TrueOrLies.csproj", "{02D8C0CB-8880-4D1F-8D80-FD6C08DC8C52}"
EndProject
Global
	GlobalSection(SolutionConfigurationPlatforms) = preSolution
		Debug|Any CPU = Debug|Any CPU
		Release|Any CPU = Release|Any CPU
	EndGlobalSection
	GlobalSection(ProjectConfigurationPlatforms) = postSolution
		{DA4129E2-2A55-4A69-BE4A-859335280443}.Debug|Any CPU.ActiveCfg = Debug|Any CPU
		{DA4129E2-2A55-4A69-BE4A-859335280443}.Debug|Any CPU.Build.0 = Debug|Any CPU
		{DA4129E2-2A55-4A69-BE4A-859335280443}.Release|Any CPU.ActiveCfg = Release|Any CPU
		{DA4129E2-2A55-4A69-BE4A-859335280443}.Release|Any CPU.Build.0 = Release|Any CPU
		{2EE9E67E-161F-47A2-8EB0-DED9181BDBFD}.Debug|Any CPU.ActiveCfg = Debug|Any CPU
		{2EE9E67E-161F-47A2-8EB0-DED9181BDBFD}.Debug|Any CPU.Build.0 = Debug|Any CPU
		{2EE9E67E-161F-47A2-8EB0-DED9181BDBFD}.Release|Any CPU.ActiveCfg = Release|Any CPU
		{2EE9E67E-161F-47A2-8EB0-DED9181BDBFD}.Release|Any CPU.Build.0 = Release|Any CPU
		{298121FE-33AA-469C-BBFB-C14571F4F855}.Debug|Any CPU.ActiveCfg = Debug|Any CPU
		{298121FE-33AA-469C-BBFB-C14571F4F855}.Debug|Any CPU.Build.0 = Debug|Any CPU
		{298121FE-33AA-469C-BBFB-C14571F4F855}.Release|Any CPU.ActiveCfg = Release|Any CPU
		{298121FE-33AA-469C-BBFB-C14571F4F855}.Release|Any CPU.Build.0 = Release|Any CPU
		{C3873798-F86E-4DB6-B760-6FBB29AAEDF2}.Debug|Any CPU.ActiveCfg = Debug|Any CPU
		{C3873798-F86E-4DB6-B760-6FBB29AAEDF2}.Debug|Any CPU.Build.0 = Debug|Any CPU
		{C3873798-F86E-4DB6-B760-6FBB29AAEDF2}.Release|Any CPU.ActiveCfg = Release|Any CPU
		{C3873798-F86E-4DB6-B760-6FBB29AAEDF2}.Release|Any CPU.Build.0 = Release|Any CPU
		{02D8C0CB-8880-4D1F-8D80-FD6C08DC8C52}.Debug|Any CPU.ActiveCfg = Debug|Any CPU
		{02D8C0CB-8880-4D1F-8D80-FD6C08DC8C52}.Debug|Any CPU.Build.0 = Debug|Any CPU
		{02D8C0CB-8880-4D1F-8D80-FD6C08DC8C52}.Release|Any CPU.ActiveCfg = Release|Any CPU
		{02D8C0CB-8880-4D1F-8D80-FD6C08DC8C52}.Release|Any CPU.Build.0 = Release|Any CPU
	EndGlobalSection
	GlobalSection(SolutionProperties) = preSolution
		HideSolutionNode = FALSE
	EndGlobalSection
	GlobalSection(ExtensibilityGlobals) = postSolution
		SolutionGuid = {50E1BBA2-CFD8-4B82-88F7-3A6647813BE5}
	EndGlobalSection
EndGlobal
